<?xml version="1.0" encoding="UTF-8"?>
<CONFIG>
  <ProjectOptions>
    <Version Value="9"/>
    <PathDelim Value="\"/>
    <General>
      <MainUnit Value="0"/>
      <Title Value="trackereditor"/>
      <ResourceType Value="res"/>
      <UseXPManifest Value="True"/>
      <Icon Value="0"/>
      <ActiveWindowIndexAtStart Value="0"/>
    </General>
    <i18n>
      <EnableI18N LFM="False"/>
    </i18n>
    <VersionInfo>
      <StringTable ProductVersion=""/>
    </VersionInfo>
    <BuildModes Count="1" Active="Default">
      <Item1 Name="Default" Default="True"/>
    </BuildModes>
    <PublishOptions>
      <Version Value="2"/>
      <IncludeFileFilter Value="*.(pas|pp|inc|lfm|lpr|lrs|lpi|lpk|sh|xml)"/>
      <ExcludeFileFilter Value="*.(bak|ppu|o|so);*~;backup"/>
    </PublishOptions>
    <RunParams>
      <local>
        <FormatVersion Value="1"/>
      </local>
    </RunParams>
    <RequiredPackages Count="1">
      <Item1>
        <PackageName Value="LCL"/>
      </Item1>
    </RequiredPackages>
    <Units Count="57">
      <Unit0>
        <Filename Value="trackereditor.lpr"/>
        <IsPartOfProject Value="True"/>
        <UnitName Value="trackereditor"/>
        <WindowIndex Value="0"/>
        <TopLine Value="1"/>
        <CursorPos X="1" Y="19"/>
        <UsageCount Value="200"/>
      </Unit0>
      <Unit1>
        <Filename Value="main.pas"/>
        <IsPartOfProject Value="True"/>
        <ComponentName Value="FormTrackerModify"/>
        <HasResources Value="True"/>
        <ResourceBaseClass Value="Form"/>
        <UnitName Value="main"/>
        <IsVisibleTab Value="True"/>
        <EditorIndex Value="0"/>
        <WindowIndex Value="0"/>
        <TopLine Value="1219"/>
        <CursorPos X="21" Y="1318"/>
        <UsageCount Value="200"/>
        <Loaded Value="True"/>
        <LoadedDesigner Value="True"/>
      </Unit1>
      <Unit2>
        <Filename Value="C:\lazarus\fpc\2.4.4\source\rtl\objpas\sysutils\filutilh.inc"/>
        <WindowIndex Value="0"/>
        <TopLine Value="1"/>
        <CursorPos X="3" Y="53"/>
        <UsageCount Value="9"/>
      </Unit2>
      <Unit3>
        <Filename Value="C:\lazarus\fpc\2.4.4\source\rtl\win\sysutils.pp"/>
        <UnitName Value="sysutils"/>
        <WindowIndex Value="0"/>
        <TopLine Value="386"/>
        <CursorPos X="3" Y="388"/>
        <UsageCount Value="9"/>
      </Unit3>
      <Unit4>
        <Filename Value="bencode.pp"/>
        <UnitName Value="bencode"/>
        <UsageCount Value="3"/>
      </Unit4>
      <Unit5>
        <Filename Value="bencode.pas"/>
        <IsPartOfProject Value="True"/>
        <UnitName Value="BEncode"/>
        <EditorIndex Value="1"/>
        <WindowIndex Value="0"/>
        <TopLine Value="15"/>
        <CursorPos X="62" Y="66"/>
        <UsageCount Value="201"/>
        <Loaded Value="True"/>
      </Unit5>
      <Unit6>
        <Filename Value="decodetorrent.pas"/>
        <IsPartOfProject Value="True"/>
        <UnitName Value="DecodeTorrent"/>
        <EditorIndex Value="2"/>
        <WindowIndex Value="0"/>
        <TopLine Value="283"/>
        <CursorPos X="27" Y="339"/>
        <UsageCount Value="200"/>
        <Loaded Value="True"/>
      </Unit6>
      <Unit7>
        <Filename Value="C:\lazarus\fpc\2.4.4\source\rtl\objpas\classes\classesh.inc"/>
        <WindowIndex Value="0"/>
        <TopLine Value="1894"/>
        <CursorPos X="1" Y="2000"/>
        <UsageCount Value="10"/>
      </Unit7>
      <Unit8>
        <Filename Value="C:\lazarus\fpc\2.4.4\source\rtl\objpas\types.pp"/>
        <UnitName Value="types"/>
        <WindowIndex Value="0"/>
        <TopLine Value="71"/>
        <CursorPos X="59" Y="118"/>
        <UsageCount Value="8"/>
      </Unit8>
      <Unit9>
        <Filename Value="C:\lazarus\fpc\2.4.4\source\rtl\objpas\classes\stringl.inc"/>
        <WindowIndex Value="0"/>
        <TopLine Value="1267"/>
        <CursorPos X="3" Y="1270"/>
        <UsageCount Value="8"/>
      </Unit9>
      <Unit10>
        <Filename Value="C:\lazarus\lcl\checklst.pas"/>
        <UnitName Value="CheckLst"/>
        <WindowIndex Value="0"/>
        <TopLine Value="50"/>
        <CursorPos X="14" Y="105"/>
        <UsageCount Value="84"/>
      </Unit10>
      <Unit11>
        <Filename Value="C:\lazarus\lcl\stdctrls.pp"/>
        <UnitName Value="StdCtrls"/>
        <WindowIndex Value="0"/>
        <TopLine Value="471"/>
        <CursorPos X="15" Y="524"/>
        <UsageCount Value="14"/>
      </Unit11>
      <Unit12>
        <Filename Value="C:\lazarus\lcl\lcltype.pp"/>
        <UnitName Value="LCLType"/>
        <WindowIndex Value="0"/>
        <TopLine Value="711"/>
        <CursorPos X="3" Y="764"/>
        <UsageCount Value="21"/>
      </Unit12>
      <Unit13>
        <Filename Value="C:\lazarus\fpc\2.4.4\source\packages\fcl-base\src\contnrs.pp"/>
        <UnitName Value="contnrs"/>
        <WindowIndex Value="0"/>
        <TopLine Value="27"/>
        <CursorPos X="17" Y="80"/>
        <UsageCount Value="9"/>
      </Unit13>
      <Unit14>
        <Filename Value="C:\lazarus\lcl\include\control.inc"/>
        <WindowIndex Value="0"/>
        <TopLine Value="2255"/>
        <CursorPos X="1" Y="2308"/>
        <UsageCount Value="8"/>
      </Unit14>
      <Unit15>
        <Filename Value="C:\lazarus\fpc\2.4.2\source\rtl\objpas\classes\classesh.inc"/>
        <WindowIndex Value="0"/>
        <TopLine Value="658"/>
        <CursorPos X="14" Y="691"/>
        <UsageCount Value="6"/>
      </Unit15>
      <Unit16>
        <Filename Value="C:\lazarus\fpc\2.6.2\source\rtl\objpas\classes\classesh.inc"/>
        <WindowIndex Value="0"/>
        <TopLine Value="914"/>
        <CursorPos X="15" Y="952"/>
        <UsageCount Value="79"/>
      </Unit16>
      <Unit17>
        <Filename Value="C:\lazarus\fpc\2.6.2\source\rtl\objpas\classes\stringl.inc"/>
        <WindowIndex Value="0"/>
        <TopLine Value="781"/>
        <CursorPos X="3" Y="785"/>
        <UsageCount Value="79"/>
      </Unit17>
      <Unit18>
        <Filename Value="C:\lazarus\fpc\2.6.2\source\rtl\objpas\types.pp"/>
        <UnitName Value="types"/>
        <WindowIndex Value="0"/>
        <TopLine Value="71"/>
        <CursorPos X="27" Y="124"/>
        <UsageCount Value="79"/>
      </Unit18>
      <Unit19>
        <Filename Value="C:\lazarus\fpc\2.6.2\source\rtl\objpas\classes\streams.inc"/>
        <WindowIndex Value="0"/>
        <TopLine Value="697"/>
        <CursorPos X="26" Y="700"/>
        <UsageCount Value="76"/>
      </Unit19>
      <Unit20>
        <Filename Value="C:\lazarus\fpc\2.6.2\source\packages\hash\src\sha1.pp"/>
        <UnitName Value="sha1"/>
        <WindowIndex Value="0"/>
        <TopLine Value="1"/>
        <CursorPos X="10" Y="37"/>
        <UsageCount Value="20"/>
      </Unit20>
      <Unit21>
        <Filename Value="C:\lazarus\fpc\2.6.2\source\packages\fcl-base\src\uriparser.pp"/>
        <UnitName Value="URIParser"/>
        <WindowIndex Value="0"/>
        <TopLine Value="1"/>
        <CursorPos X="78" Y="52"/>
        <UsageCount Value="18"/>
      </Unit21>
      <Unit22>
        <Filename Value="C:\lazarus\lcl\valedit.pas"/>
        <UnitName Value="ValEdit"/>
        <WindowIndex Value="0"/>
        <TopLine Value="108"/>
        <CursorPos X="14" Y="161"/>
        <UsageCount Value="10"/>
      </Unit22>
      <Unit23>
        <Filename Value="C:\lazarus\lcl\grids.pas"/>
        <UnitName Value="Grids"/>
        <WindowIndex Value="0"/>
        <TopLine Value="1584"/>
        <CursorPos X="14" Y="1637"/>
        <UsageCount Value="23"/>
      </Unit23>
      <Unit24>
        <Filename Value="C:\lazarus\fpc\2.6.2\source\rtl\objpas\objpas.pp"/>
        <UnitName Value="objpas"/>
        <WindowIndex Value="0"/>
        <TopLine Value="1"/>
        <CursorPos X="8" Y="28"/>
        <UsageCount Value="13"/>
      </Unit24>
      <Unit25>
        <Filename Value="C:\lazarus\components\lazutils\fileutil.inc"/>
        <WindowIndex Value="0"/>
        <TopLine Value="32"/>
        <CursorPos X="1" Y="42"/>
        <UsageCount Value="11"/>
      </Unit25>
      <Unit26>
        <Filename Value="C:\lazarus\components\lazutils\fileutil.pas"/>
        <UnitName Value="FileUtil"/>
        <WindowIndex Value="0"/>
        <TopLine Value="151"/>
        <CursorPos X="10" Y="189"/>
        <UsageCount Value="10"/>
      </Unit26>
      <Unit27>
        <Filename Value="C:\lazarus\fpc\2.6.2\source\rtl\inc\ustringh.inc"/>
        <WindowIndex Value="0"/>
        <TopLine Value="52"/>
        <CursorPos X="10" Y="114"/>
        <UsageCount Value="10"/>
      </Unit27>
      <Unit28>
        <Filename Value="C:\lazarus\fpc\2.6.2\source\rtl\inc\ustrings.inc"/>
        <WindowIndex Value="0"/>
        <TopLine Value="2359"/>
        <CursorPos X="5" Y="2361"/>
        <UsageCount Value="10"/>
      </Unit28>
      <Unit29>
        <Filename Value="C:\lazarus\components\lazutils\winfileutil.inc"/>
        <WindowIndex Value="0"/>
        <TopLine Value="1"/>
        <CursorPos X="1" Y="41"/>
        <UsageCount Value="10"/>
      </Unit29>
      <Unit30>
        <Filename Value="C:\lazarus\components\lazutils\lazutf8classes.pas"/>
        <UnitName Value="LazUTF8Classes"/>
        <WindowIndex Value="0"/>
        <TopLine Value="44"/>
        <CursorPos X="32" Y="144"/>
        <UsageCount Value="28"/>
      </Unit30>
      <Unit31>
        <Filename Value="C:\lazarus\fpc\2.6.4\source\rtl\objpas\classes\classesh.inc"/>
        <WindowIndex Value="0"/>
        <TopLine Value="618"/>
        <CursorPos X="15" Y="670"/>
        <UsageCount Value="33"/>
      </Unit31>
      <Unit32>
        <Filename Value="C:\lazarus\fpc\2.6.4\source\rtl\objpas\classes\stringl.inc"/>
        <WindowIndex Value="0"/>
        <TopLine Value="607"/>
        <CursorPos X="24" Y="611"/>
        <UsageCount Value="24"/>
      </Unit32>
      <Unit33>
        <Filename Value="C:\lazarus\lcl\textstrings.pas"/>
        <UnitName Value="TextStrings"/>
        <WindowIndex Value="0"/>
        <TopLine Value="125"/>
        <CursorPos X="1" Y="178"/>
        <UsageCount Value="10"/>
      </Unit33>
      <Unit34>
        <Filename Value="C:\lazarus\fpc\2.6.4\source\rtl\inc\objpash.inc"/>
        <WindowIndex Value="0"/>
        <TopLine Value="139"/>
        <CursorPos X="23" Y="192"/>
        <UsageCount Value="9"/>
      </Unit34>
      <Unit35>
        <Filename Value="C:\lazarus\lcl\lclproc.pas"/>
        <UnitName Value="LCLProc"/>
        <WindowIndex Value="0"/>
        <TopLine Value="1446"/>
        <CursorPos X="3" Y="1448"/>
        <UsageCount Value="13"/>
      </Unit35>
      <Unit36>
        <Filename Value="C:\lazarus\components\lazutils\lazloggerbase.pas"/>
        <UnitName Value="LazLoggerBase"/>
        <WindowIndex Value="0"/>
        <TopLine Value="61"/>
        <CursorPos X="23" Y="99"/>
        <UsageCount Value="13"/>
      </Unit36>
      <Unit37>
        <Filename Value="C:\lazarus\lcl\include\application.inc"/>
        <WindowIndex Value="0"/>
        <TopLine Value="183"/>
        <CursorPos X="1" Y="236"/>
        <UsageCount Value="10"/>
      </Unit37>
      <Unit38>
        <Filename Value="C:\lazarus\fpc\2.6.4\source\rtl\inc\wstringh.inc"/>
        <WindowIndex Value="0"/>
        <TopLine Value="1"/>
        <CursorPos X="65" Y="26"/>
        <UsageCount Value="10"/>
      </Unit38>
      <Unit39>
        <Filename Value="C:\lazarus\components\lazutils\lazutf8.pas"/>
        <UnitName Value="LazUTF8"/>
        <WindowIndex Value="0"/>
        <TopLine Value="1"/>
        <CursorPos X="1" Y="1"/>
        <UsageCount Value="12"/>
      </Unit39>
      <Unit40>
        <Filename Value="C:\lazarus\fpc\2.6.4\source\rtl\inc\systemh.inc"/>
        <WindowIndex Value="0"/>
        <TopLine Value="249"/>
        <CursorPos X="41" Y="302"/>
        <UsageCount Value="15"/>
      </Unit40>
      <Unit41>
        <Filename Value="C:\lazarus\lcl\comctrls.pp"/>
        <UnitName Value="ComCtrls"/>
        <WindowIndex Value="0"/>
        <TopLine Value="3316"/>
        <CursorPos X="14" Y="3369"/>
        <UsageCount Value="14"/>
      </Unit41>
      <Unit42>
        <Filename Value="C:\lazarus\lcl\include\customform.inc"/>
        <WindowIndex Value="0"/>
        <TopLine Value="2486"/>
        <CursorPos X="1" Y="2539"/>
        <UsageCount Value="11"/>
      </Unit42>
      <Unit43>
        <Filename Value="C:\lazarus\lcl\interfaces\win32\win32callback.inc"/>
        <WindowIndex Value="0"/>
        <TopLine Value="2223"/>
        <CursorPos X="1" Y="2276"/>
        <UsageCount Value="11"/>
      </Unit43>
      <Unit44>
        <Filename Value="C:\lazarus\fpc\2.6.4\source\rtl\objpas\classes\lists.inc"/>
        <WindowIndex Value="0"/>
        <TopLine Value="921"/>
        <CursorPos X="3" Y="948"/>
        <UsageCount Value="12"/>
      </Unit44>
      <Unit45>
        <Filename Value="C:\lazarus\fpc\2.6.4\source\rtl\win32\system.pp"/>
        <UnitName Value="System"/>
        <WindowIndex Value="0"/>
        <TopLine Value="1"/>
        <CursorPos X="2" Y="38"/>
        <UsageCount Value="9"/>
      </Unit45>
      <Unit46>
        <Filename Value="C:\lazarus\fpc\2.6.4\source\packages\fcl-base\src\contnrs.pp"/>
        <UnitName Value="contnrs"/>
        <WindowIndex Value="0"/>
        <TopLine Value="38"/>
        <CursorPos X="14" Y="91"/>
        <UsageCount Value="14"/>
      </Unit46>
      <Unit47>
        <Filename Value="C:\lazarus\fpc\2.6.4\source\rtl\objpas\sysutils\datih.inc"/>
        <WindowIndex Value="0"/>
        <TopLine Value="67"/>
        <CursorPos X="74" Y="121"/>
        <UsageCount Value="18"/>
      </Unit47>
      <Unit48>
        <Filename Value="C:\lazarus\lcl\controls.pp"/>
        <UnitName Value="Controls"/>
        <WindowIndex Value="0"/>
        <TopLine Value="140"/>
        <CursorPos X="12" Y="194"/>
        <UsageCount Value="11"/>
      </Unit48>
      <Unit49>
        <Filename Value="C:\lazarus\lcl\include\wincontrol.inc"/>
        <WindowIndex Value="0"/>
        <TopLine Value="7701"/>
        <CursorPos X="3" Y="7710"/>
        <UsageCount Value="11"/>
      </Unit49>
      <Unit50>
        <Filename Value="C:\lazarus\lcl\include\customlistbox.inc"/>
        <WindowIndex Value="0"/>
        <TopLine Value="144"/>
        <CursorPos X="1" Y="197"/>
        <UsageCount Value="16"/>
      </Unit50>
      <Unit51>
        <Filename Value="C:\lazarus\fpc\2.6.4\source\rtl\objpas\classes\streams.inc"/>
        <WindowIndex Value="0"/>
        <TopLine Value="503"/>
        <CursorPos X="3" Y="506"/>
        <UsageCount Value="12"/>
      </Unit51>
      <Unit52>
        <Filename Value="C:\lazarus\lcl\include\treeview.inc"/>
        <WindowIndex Value="0"/>
        <TopLine Value="2119"/>
        <CursorPos X="33" Y="2125"/>
        <UsageCount Value="11"/>
      </Unit52>
      <Unit53>
        <Filename Value="C:\lazarus\fpc\2.6.4\source\rtl\objpas\sysutils\sysstrh.inc"/>
        <WindowIndex Value="0"/>
        <TopLine Value="62"/>
        <CursorPos X="10" Y="115"/>
        <UsageCount Value="11"/>
      </Unit53>
      <Unit54>
        <Filename Value="C:\lazarus\fpc\2.6.4\source\rtl\objpas\sysutils\sysstr.inc"/>
        <WindowIndex Value="0"/>
        <TopLine Value="100"/>
        <CursorPos X="3" Y="116"/>
        <UsageCount Value="9"/>
      </Unit54>
      <Unit55>
        <Filename Value="C:\lazarus\fpc\2.6.4\source\rtl\objpas\sysutils\filutilh.inc"/>
        <WindowIndex Value="0"/>
        <TopLine Value="8"/>
        <CursorPos X="10" Y="94"/>
        <UsageCount Value="12"/>
      </Unit55>
      <Unit56>
        <Filename Value="C:\lazarus\fpc\2.6.4\source\rtl\objpas\sysutils\sysinth.inc"/>
        <WindowIndex Value="0"/>
        <TopLine Value="22"/>
        <CursorPos X="22" Y="72"/>
        <UsageCount Value="15"/>
      </Unit56>
    </Units>
    <JumpHistory Count="30" HistoryIndex="29">
      <Position1>
        <Filename Value="main.pas"/>
        <Caret Line="762" Column="1" TopLine="712"/>
      </Position1>
      <Position2>
        <Filename Value="main.pas"/>
        <Caret Line="765" Column="1" TopLine="712"/>
      </Position2>
      <Position3>
        <Filename Value="main.pas"/>
        <Caret Line="769" Column="1" TopLine="712"/>
      </Position3>
      <Position4>
        <Filename Value="main.pas"/>
        <Caret Line="771" Column="1" TopLine="712"/>
      </Position4>
      <Position5>
        <Filename Value="main.pas"/>
        <Caret Line="793" Column="1" TopLine="712"/>
      </Position5>
      <Position6>
        <Filename Value="main.pas"/>
        <Caret Line="796" Column="1" TopLine="712"/>
      </Position6>
      <Position7>
        <Filename Value="main.pas"/>
        <Caret Line="798" Column="1" TopLine="712"/>
      </Position7>
      <Position8>
        <Filename Value="main.pas"/>
        <Caret Line="415" Column="1" TopLine="362"/>
      </Position8>
      <Position9>
        <Filename Value="main.pas"/>
        <Caret Line="807" Column="1" TopLine="754"/>
      </Position9>
      <Position10>
        <Filename Value="main.pas"/>
        <Caret Line="810" Column="1" TopLine="754"/>
      </Position10>
      <Position11>
        <Filename Value="main.pas"/>
        <Caret Line="812" Column="1" TopLine="754"/>
      </Position11>
      <Position12>
        <Filename Value="main.pas"/>
        <Caret Line="813" Column="1" TopLine="754"/>
      </Position12>
      <Position13>
        <Filename Value="main.pas"/>
        <Caret Line="815" Column="1" TopLine="754"/>
      </Position13>
      <Position14>
        <Filename Value="main.pas"/>
        <Caret Line="816" Column="1" TopLine="754"/>
      </Position14>
      <Position15>
        <Filename Value="main.pas"/>
        <Caret Line="819" Column="1" TopLine="754"/>
      </Position15>
      <Position16>
        <Filename Value="main.pas"/>
        <Caret Line="823" Column="1" TopLine="754"/>
      </Position16>
      <Position17>
        <Filename Value="main.pas"/>
        <Caret Line="824" Column="1" TopLine="754"/>
      </Position17>
      <Position18>
        <Filename Value="main.pas"/>
        <Caret Line="823" Column="1" TopLine="754"/>
      </Position18>
      <Position19>
        <Filename Value="main.pas"/>
        <Caret Line="824" Column="1" TopLine="754"/>
      </Position19>
      <Position20>
        <Filename Value="decodetorrent.pas"/>
        <Caret Line="45" Column="14" TopLine="1"/>
      </Position20>
      <Position21>
        <Filename Value="decodetorrent.pas"/>
        <Caret Line="165" Column="14" TopLine="78"/>
      </Position21>
      <Position22>
        <Filename Value="decodetorrent.pas"/>
        <Caret Line="166" Column="24" TopLine="78"/>
      </Position22>
      <Position23>
        <Filename Value="decodetorrent.pas"/>
        <Caret Line="167" Column="14" TopLine="78"/>
      </Position23>
      <Position24>
        <Filename Value="decodetorrent.pas"/>
        <Caret Line="215" Column="32" TopLine="131"/>
      </Position24>
      <Position25>
        <Filename Value="decodetorrent.pas"/>
        <Caret Line="222" Column="32" TopLine="131"/>
      </Position25>
      <Position26>
        <Filename Value="main.pas"/>
        <Caret Line="23" Column="75" TopLine="1"/>
      </Position26>
      <Position27>
        <Filename Value="main.pas"/>
        <Caret Line="233" Column="45" TopLine="134"/>
      </Position27>
      <Position28>
        <Filename Value="main.pas"/>
        <Caret Line="1292" Column="78" TopLine="1212"/>
      </Position28>
      <Position29>
        <Filename Value="main.pas"/>
        <Caret Line="1296" Column="37" TopLine="1212"/>
      </Position29>
      <Position30>
        <Filename Value="main.pas"/>
        <Caret Line="1297" Column="56" TopLine="1212"/>
      </Position30>
    </JumpHistory>
  </ProjectOptions>
  <CompilerOptions>
    <Version Value="11"/>
    <PathDelim Value="\"/>
    <Target>
      <Filename Value="trackereditor"/>
    </Target>
    <SearchPaths>
      <IncludeFiles Value="$(ProjOutDir)"/>
      <UnitOutputDirectory Value="lib\$(TargetCPU)-$(TargetOS)"/>
    </SearchPaths>
    <CodeGeneration>
      <SmartLinkUnit Value="True"/>
    </CodeGeneration>
    <Linking>
      <Debugging>
        <GenerateDebugInfo Value="False"/>
        <UseLineInfoUnit Value="False"/>
        <StripSymbols Value="True"/>
      </Debugging>
      <LinkSmart Value="True"/>
      <Options>
        <Win32>
          <GraphicApplication Value="True"/>
        </Win32>
      </Options>
    </Linking>
    <Other>
      <CompilerMessages>
        <UseMsgFile Value="True"/>
      </CompilerMessages>
      <CompilerPath Value="$(CompPath)"/>
    </Other>
  </CompilerOptions>
  <Debugging>
    <BreakPoints Count="2">
      <Item1>
        <Kind Value="bpkSource"/>
        <WatchScope Value="wpsLocal"/>
        <WatchKind Value="wpkWrite"/>
        <Source Value="main.pas"/>
        <Line Value="193"/>
      </Item1>
      <Item2>
        <Kind Value="bpkSource"/>
        <WatchScope Value="wpsLocal"/>
        <WatchKind Value="wpkWrite"/>
        <Source Value="main.pas"/>
        <Line Value="571"/>
      </Item2>
    </BreakPoints>
    <Exceptions Count="3">
      <Item1>
        <Name Value="EAbort"/>
      </Item1>
      <Item2>
        <Name Value="ECodetoolError"/>
      </Item2>
      <Item3>
        <Name Value="EFOpenError"/>
      </Item3>
    </Exceptions>
  </Debugging>
  <EditorMacros Count="0"/>
</CONFIG>
